
Microsoft Visual Studio Solution File, Format Version 12.00
# Visual Studio 2012
Project("{159641D6-6404-4A2A-AE62-294DE0FE8301}") = "Integration Services 專案11", "Integration Services 專案11\Integration Services 專案11.dtproj", "{067B6D39-0A43-4B22-B611-4AEB861863A5}"
EndProject
Global
	GlobalSection(SolutionConfigurationPlatforms) = preSolution
		Development|Default = Development|Default
	EndGlobalSection
	GlobalSection(ProjectConfigurationPlatforms) = postSolution
		{067B6D39-0A43-4B22-B611-4AEB861863A5}.Development|Default.ActiveCfg = Development
		{067B6D39-0A43-4B22-B611-4AEB861863A5}.Development|Default.Build.0 = Development
	EndGlobalSection
	GlobalSection(SolutionProperties) = preSolution
		HideSolutionNode = FALSE
	EndGlobalSection
EndGlobal
