
Microsoft Visual Studio Solution File, Format Version 12.00
# Visual Studio 2012
Project("{D2ABAB84-BF74-430A-B69E-9DC6D40DDA17}") = "MultidimensionalProject2", "MultidimensionalProject2\MultidimensionalProject2.dwproj", "{D29E492F-9D35-473D-9FBE-4C3426E5E15D}"
EndProject
Global
	GlobalSection(SolutionConfigurationPlatforms) = preSolution
		Development|Default = Development|Default
	EndGlobalSection
	GlobalSection(ProjectConfigurationPlatforms) = postSolution
		{D29E492F-9D35-473D-9FBE-4C3426E5E15D}.Development|Default.ActiveCfg = Development
		{D29E492F-9D35-473D-9FBE-4C3426E5E15D}.Development|Default.Build.0 = Development
		{D29E492F-9D35-473D-9FBE-4C3426E5E15D}.Development|Default.Deploy.0 = Development
	EndGlobalSection
	GlobalSection(SolutionProperties) = preSolution
		HideSolutionNode = FALSE
	EndGlobalSection
EndGlobal
