
Microsoft Visual Studio Solution File, Format Version 12.00
# Visual Studio 2012
Project("{D2ABAB84-BF74-430A-B69E-9DC6D40DDA17}") = "MultidimensionalProject3", "MultidimensionalProject3\MultidimensionalProject3.dwproj", "{DE319A81-1683-4F45-9296-64120D1B8141}"
EndProject
Global
	GlobalSection(SolutionConfigurationPlatforms) = preSolution
		Development|Default = Development|Default
	EndGlobalSection
	GlobalSection(ProjectConfigurationPlatforms) = postSolution
		{DE319A81-1683-4F45-9296-64120D1B8141}.Development|Default.ActiveCfg = Development
		{DE319A81-1683-4F45-9296-64120D1B8141}.Development|Default.Build.0 = Development
		{DE319A81-1683-4F45-9296-64120D1B8141}.Development|Default.Deploy.0 = Development
	EndGlobalSection
	GlobalSection(SolutionProperties) = preSolution
		HideSolutionNode = FALSE
	EndGlobalSection
EndGlobal
