
Microsoft Visual Studio Solution File, Format Version 12.00
# Visual Studio 2012
Project("{F14B399A-7131-4C87-9E4B-1186C45EF12D}") = "報表專案2", "報表專案2\報表專案2.rptproj", "{A917E8CB-A147-4F76-9E4C-7176FE0D643E}"
EndProject
Global
	GlobalSection(SolutionConfigurationPlatforms) = preSolution
		Debug|Default = Debug|Default
		DebugLocal|Default = DebugLocal|Default
		Release|Default = Release|Default
	EndGlobalSection
	GlobalSection(ProjectConfigurationPlatforms) = postSolution
		{A917E8CB-A147-4F76-9E4C-7176FE0D643E}.Debug|Default.ActiveCfg = Debug
		{A917E8CB-A147-4F76-9E4C-7176FE0D643E}.Debug|Default.Build.0 = Debug
		{A917E8CB-A147-4F76-9E4C-7176FE0D643E}.Debug|Default.Deploy.0 = Debug
		{A917E8CB-A147-4F76-9E4C-7176FE0D643E}.DebugLocal|Default.ActiveCfg = DebugLocal
		{A917E8CB-A147-4F76-9E4C-7176FE0D643E}.DebugLocal|Default.Build.0 = DebugLocal
		{A917E8CB-A147-4F76-9E4C-7176FE0D643E}.Release|Default.ActiveCfg = Release
		{A917E8CB-A147-4F76-9E4C-7176FE0D643E}.Release|Default.Build.0 = Release
		{A917E8CB-A147-4F76-9E4C-7176FE0D643E}.Release|Default.Deploy.0 = Release
	EndGlobalSection
	GlobalSection(SolutionProperties) = preSolution
		HideSolutionNode = FALSE
	EndGlobalSection
EndGlobal
