
Microsoft Visual Studio Solution File, Format Version 12.00
# Visual Studio 2012
Project("{D2ABAB84-BF74-430A-B69E-9DC6D40DDA17}") = "datamining", "datamining\datamining.dwproj", "{3EC41F48-5E44-46C0-89E3-2D8D2BC4678E}"
EndProject
Global
	GlobalSection(SolutionConfigurationPlatforms) = preSolution
		Development|Default = Development|Default
	EndGlobalSection
	GlobalSection(ProjectConfigurationPlatforms) = postSolution
		{3EC41F48-5E44-46C0-89E3-2D8D2BC4678E}.Development|Default.ActiveCfg = Development
		{3EC41F48-5E44-46C0-89E3-2D8D2BC4678E}.Development|Default.Build.0 = Development
		{3EC41F48-5E44-46C0-89E3-2D8D2BC4678E}.Development|Default.Deploy.0 = Development
	EndGlobalSection
	GlobalSection(SolutionProperties) = preSolution
		HideSolutionNode = FALSE
	EndGlobalSection
EndGlobal
