
Microsoft Visual Studio Solution File, Format Version 12.00
# Visual Studio 2012
Project("{FAE04EC0-301F-11D3-BF4B-00C04F79EFBC}") = "WA_DataMining_Test", "WA_DataMining_Test\WA_DataMining_Test.csproj", "{666E4A8A-D13D-43F0-99F0-38AC8380ED45}"
EndProject
Global
	GlobalSection(SolutionConfigurationPlatforms) = preSolution
		Debug|Any CPU = Debug|Any CPU
		Release|Any CPU = Release|Any CPU
	EndGlobalSection
	GlobalSection(ProjectConfigurationPlatforms) = postSolution
		{666E4A8A-D13D-43F0-99F0-38AC8380ED45}.Debug|Any CPU.ActiveCfg = Debug|Any CPU
		{666E4A8A-D13D-43F0-99F0-38AC8380ED45}.Debug|Any CPU.Build.0 = Debug|Any CPU
		{666E4A8A-D13D-43F0-99F0-38AC8380ED45}.Release|Any CPU.ActiveCfg = Release|Any CPU
		{666E4A8A-D13D-43F0-99F0-38AC8380ED45}.Release|Any CPU.Build.0 = Release|Any CPU
	EndGlobalSection
	GlobalSection(SolutionProperties) = preSolution
		HideSolutionNode = FALSE
	EndGlobalSection
EndGlobal
