
Microsoft Visual Studio Solution File, Format Version 12.00
# Visual Studio 2012
Project("{FAE04EC0-301F-11D3-BF4B-00C04F79EFBC}") = "WA1050526_3", "WA1050526_3\WA1050526_3.csproj", "{EC6590AE-ED11-43C3-A6F6-420793844EC5}"
EndProject
Global
	GlobalSection(SolutionConfigurationPlatforms) = preSolution
		Debug|Any CPU = Debug|Any CPU
		Release|Any CPU = Release|Any CPU
	EndGlobalSection
	GlobalSection(ProjectConfigurationPlatforms) = postSolution
		{EC6590AE-ED11-43C3-A6F6-420793844EC5}.Debug|Any CPU.ActiveCfg = Debug|Any CPU
		{EC6590AE-ED11-43C3-A6F6-420793844EC5}.Debug|Any CPU.Build.0 = Debug|Any CPU
		{EC6590AE-ED11-43C3-A6F6-420793844EC5}.Release|Any CPU.ActiveCfg = Release|Any CPU
		{EC6590AE-ED11-43C3-A6F6-420793844EC5}.Release|Any CPU.Build.0 = Release|Any CPU
	EndGlobalSection
	GlobalSection(SolutionProperties) = preSolution
		HideSolutionNode = FALSE
	EndGlobalSection
EndGlobal
