
Microsoft Visual Studio Solution File, Format Version 12.00
# Visual Studio 2012
Project("{FAE04EC0-301F-11D3-BF4B-00C04F79EFBC}") = "WA1050602", "WA1050602\WA1050602.csproj", "{0FD0944E-1DD0-4A2F-9A88-6DEF9560AA95}"
EndProject
Global
	GlobalSection(SolutionConfigurationPlatforms) = preSolution
		Debug|Any CPU = Debug|Any CPU
		Release|Any CPU = Release|Any CPU
	EndGlobalSection
	GlobalSection(ProjectConfigurationPlatforms) = postSolution
		{0FD0944E-1DD0-4A2F-9A88-6DEF9560AA95}.Debug|Any CPU.ActiveCfg = Debug|Any CPU
		{0FD0944E-1DD0-4A2F-9A88-6DEF9560AA95}.Debug|Any CPU.Build.0 = Debug|Any CPU
		{0FD0944E-1DD0-4A2F-9A88-6DEF9560AA95}.Release|Any CPU.ActiveCfg = Release|Any CPU
		{0FD0944E-1DD0-4A2F-9A88-6DEF9560AA95}.Release|Any CPU.Build.0 = Release|Any CPU
	EndGlobalSection
	GlobalSection(SolutionProperties) = preSolution
		HideSolutionNode = FALSE
	EndGlobalSection
EndGlobal
