
Microsoft Visual Studio Solution File, Format Version 12.00
# Visual Studio 2012
Project("{FAE04EC0-301F-11D3-BF4B-00C04F79EFBC}") = "WA1050527", "WA1050527\WA1050527.csproj", "{1571A44E-AE87-40E0-A446-C358C588EAEE}"
EndProject
Global
	GlobalSection(SolutionConfigurationPlatforms) = preSolution
		Debug|Any CPU = Debug|Any CPU
		Release|Any CPU = Release|Any CPU
	EndGlobalSection
	GlobalSection(ProjectConfigurationPlatforms) = postSolution
		{1571A44E-AE87-40E0-A446-C358C588EAEE}.Debug|Any CPU.ActiveCfg = Debug|Any CPU
		{1571A44E-AE87-40E0-A446-C358C588EAEE}.Debug|Any CPU.Build.0 = Debug|Any CPU
		{1571A44E-AE87-40E0-A446-C358C588EAEE}.Release|Any CPU.ActiveCfg = Release|Any CPU
		{1571A44E-AE87-40E0-A446-C358C588EAEE}.Release|Any CPU.Build.0 = Release|Any CPU
	EndGlobalSection
	GlobalSection(SolutionProperties) = preSolution
		HideSolutionNode = FALSE
	EndGlobalSection
EndGlobal
