
Microsoft Visual Studio Solution File, Format Version 12.00
# Visual Studio 2012
Project("{D2ABAB84-BF74-430A-B69E-9DC6D40DDA17}") = "MultidimensionalProject5", "MultidimensionalProject5\MultidimensionalProject5.dwproj", "{7A5DE2AC-E35C-413E-A574-45F072B8F311}"
EndProject
Global
	GlobalSection(SolutionConfigurationPlatforms) = preSolution
		Development|Default = Development|Default
	EndGlobalSection
	GlobalSection(ProjectConfigurationPlatforms) = postSolution
		{7A5DE2AC-E35C-413E-A574-45F072B8F311}.Development|Default.ActiveCfg = Development
		{7A5DE2AC-E35C-413E-A574-45F072B8F311}.Development|Default.Build.0 = Development
		{7A5DE2AC-E35C-413E-A574-45F072B8F311}.Development|Default.Deploy.0 = Development
	EndGlobalSection
	GlobalSection(SolutionProperties) = preSolution
		HideSolutionNode = FALSE
	EndGlobalSection
EndGlobal
